
Microsoft Visual Studio Solution File, Format Version 12.00
# Visual Studio Version 17
VisualStudioVersion = 17.9.34714.143
MinimumVisualStudioVersion = 10.0.40219.1
Project("{FAE04EC0-301F-11D3-BF4B-00C04F79EFBC}") = "SLG.Infrastructure", "SLG.Infrastructure\SLG.Infrastructure.csproj", "{58C0F090-756A-4805-9964-D9E05B22B1D9}"
EndProject
Project("{FAE04EC0-301F-11D3-BF4B-00C04F79EFBC}") = "SLG.Application", "SLG.Application\SLG.Application.csproj", "{350426DA-2B0E-4A45-9C16-640C02BF45D2}"
EndProject
Project("{FAE04EC0-301F-11D3-BF4B-00C04F79EFBC}") = "SLG.Domain", "SLG.Domain\SLG.Domain.csproj", "{7C64388F-ACE8-40FA-8163-4B8AAFF6FC5B}"
EndProject
Project("{FAE04EC0-301F-11D3-BF4B-00C04F79EFBC}") = "SLG.WebApi", "SLG.WebApi\SLG.WebApi.csproj", "{064D9E29-8FF9-4F70-B087-3C88B193CFF5}"
EndProject
Project("{FAE04EC0-301F-11D3-BF4B-00C04F79EFBC}") = "SLG.Shared", "SLG.Shared\SLG.Shared.csproj", "{214F7AC5-DF62-462B-831D-1CE0ADB88957}"
EndProject
Project("{FAE04EC0-301F-11D3-BF4B-00C04F79EFBC}") = "SLG.Resources", "SLG.Resources\SLG.Resources.csproj", "{79397E04-6ACD-47B1-B5A1-04E3AA4C0A9C}"
EndProject
Global
	GlobalSection(SolutionConfigurationPlatforms) = preSolution
		Debug|Any CPU = Debug|Any CPU
		Release|Any CPU = Release|Any CPU
	EndGlobalSection
	GlobalSection(ProjectConfigurationPlatforms) = postSolution
		{58C0F090-756A-4805-9964-D9E05B22B1D9}.Debug|Any CPU.ActiveCfg = Debug|Any CPU
		{58C0F090-756A-4805-9964-D9E05B22B1D9}.Debug|Any CPU.Build.0 = Debug|Any CPU
		{58C0F090-756A-4805-9964-D9E05B22B1D9}.Release|Any CPU.ActiveCfg = Release|Any CPU
		{58C0F090-756A-4805-9964-D9E05B22B1D9}.Release|Any CPU.Build.0 = Release|Any CPU
		{350426DA-2B0E-4A45-9C16-640C02BF45D2}.Debug|Any CPU.ActiveCfg = Debug|Any CPU
		{350426DA-2B0E-4A45-9C16-640C02BF45D2}.Debug|Any CPU.Build.0 = Debug|Any CPU
		{350426DA-2B0E-4A45-9C16-640C02BF45D2}.Release|Any CPU.ActiveCfg = Release|Any CPU
		{350426DA-2B0E-4A45-9C16-640C02BF45D2}.Release|Any CPU.Build.0 = Release|Any CPU
		{7C64388F-ACE8-40FA-8163-4B8AAFF6FC5B}.Debug|Any CPU.ActiveCfg = Debug|Any CPU
		{7C64388F-ACE8-40FA-8163-4B8AAFF6FC5B}.Debug|Any CPU.Build.0 = Debug|Any CPU
		{7C64388F-ACE8-40FA-8163-4B8AAFF6FC5B}.Release|Any CPU.ActiveCfg = Release|Any CPU
		{7C64388F-ACE8-40FA-8163-4B8AAFF6FC5B}.Release|Any CPU.Build.0 = Release|Any CPU
		{064D9E29-8FF9-4F70-B087-3C88B193CFF5}.Debug|Any CPU.ActiveCfg = Debug|Any CPU
		{064D9E29-8FF9-4F70-B087-3C88B193CFF5}.Debug|Any CPU.Build.0 = Debug|Any CPU
		{064D9E29-8FF9-4F70-B087-3C88B193CFF5}.Release|Any CPU.ActiveCfg = Release|Any CPU
		{064D9E29-8FF9-4F70-B087-3C88B193CFF5}.Release|Any CPU.Build.0 = Release|Any CPU
		{214F7AC5-DF62-462B-831D-1CE0ADB88957}.Debug|Any CPU.ActiveCfg = Debug|Any CPU
		{214F7AC5-DF62-462B-831D-1CE0ADB88957}.Debug|Any CPU.Build.0 = Debug|Any CPU
		{214F7AC5-DF62-462B-831D-1CE0ADB88957}.Release|Any CPU.ActiveCfg = Release|Any CPU
		{214F7AC5-DF62-462B-831D-1CE0ADB88957}.Release|Any CPU.Build.0 = Release|Any CPU
		{79397E04-6ACD-47B1-B5A1-04E3AA4C0A9C}.Debug|Any CPU.ActiveCfg = Debug|Any CPU
		{79397E04-6ACD-47B1-B5A1-04E3AA4C0A9C}.Debug|Any CPU.Build.0 = Debug|Any CPU
		{79397E04-6ACD-47B1-B5A1-04E3AA4C0A9C}.Release|Any CPU.ActiveCfg = Release|Any CPU
		{79397E04-6ACD-47B1-B5A1-04E3AA4C0A9C}.Release|Any CPU.Build.0 = Release|Any CPU
	EndGlobalSection
	GlobalSection(SolutionProperties) = preSolution
		HideSolutionNode = FALSE
	EndGlobalSection
	GlobalSection(ExtensibilityGlobals) = postSolution
		SolutionGuid = {111C84F1-4D5A-4FD0-A903-23C049CCC441}
	EndGlobalSection
EndGlobal
